github.com/galexrt/tailbliss v0.0.0-20240207115344-fc812898bb6e h1:eg8nGbFA85vjSoYx5Nk8toFw/g7nfpHoZbMlmdFvatM=
github.com/galexrt/tailbliss v0.0.0-20240207115344-fc812898bb6e/go.mod h1:gG5GzbbnlIkz/lsjATksHMDiQNaayaA6Hi7Ja1oajQQ=
github.com/galexrt/tailbliss v0.0.0-20240216135843-a994d67160e9 h1:HaTYu3CDYYs0PDnqSJ1sy2UO30Dc/Y03JRo73b0pYhE=
github.com/galexrt/tailbliss v0.0.0-20240216135843-a994d67160e9/go.mod h1:gG5GzbbnlIkz/lsjATksHMDiQNaayaA6Hi7Ja1oajQQ=
github.com/galexrt/tailbliss v0.0.0-20240216140221-0958900dc96f h1:P9LwzxhA1TgaUpJBj4PdeQGyPODpjH3tN2Xh2tDAizs=
github.com/galexrt/tailbliss v0.0.0-20240216140221-0958900dc96f/go.mod h1:gG5GzbbnlIkz/lsjATksHMDiQNaayaA6Hi7Ja1oajQQ=
github.com/galexrt/tailbliss v0.0.0-20240216140630-bc7421df10df h1:BHSqj/bJDX/zbs3fuvh2zafHZNGQhzdkWe/pCj5qMvo=
github.com/galexrt/tailbliss v0.0.0-20240216140630-bc7421df10df/go.mod h1:gG5GzbbnlIkz/lsjATksHMDiQNaayaA6Hi7Ja1oajQQ=
github.com/galexrt/tailbliss v0.0.0-20240216140801-dede90c0c142 h1:qi7YqU7NxWDrjLwGd8edXI4I3dm6vm+GJdd9kpj8+aM=
github.com/galexrt/tailbliss v0.0.0-20240216140801-dede90c0c142/go.mod h1:gG5GzbbnlIkz/lsjATksHMDiQNaayaA6Hi7Ja1oajQQ=
github.com/galexrt/tailbliss v0.0.0-20240216141024-109ef49c5245 h1:p8t7+bz0T65Ps96z0Lfd+uqiw5vpVkK+ae0Zomt29Cc=
github.com/galexrt/tailbliss v0.0.0-20240216141024-109ef49c5245/go.mod h1:gG5GzbbnlIkz/lsjATksHMDiQNaayaA6Hi7Ja1oajQQ=
github.com/galexrt/tailbliss v0.0.0-20240216141154-8325a58b6583 h1:Jb2pgVW2k2jgHBJFzlKIm3mJwbM/niTv+93Xr/Ft95k=
github.com/galexrt/tailbliss v0.0.0-20240216141154-8325a58b6583/go.mod h1:gG5GzbbnlIkz/lsjATksHMDiQNaayaA6Hi7Ja1oajQQ=
github.com/galexrt/tailbliss v0.0.0-20240216141255-0de45c422111 h1:nBPN2KL7jytSxnO3Vr4jDcGvB+xNb9EzbzwR9vu15ZY=
github.com/galexrt/tailbliss v0.0.0-20240216141255-0de45c422111/go.mod h1:gG5GzbbnlIkz/lsjATksHMDiQNaayaA6Hi7Ja1oajQQ=
github.com/galexrt/tailbliss v0.0.0-20240216142012-092db21bf50b h1:WWWBmvKXbUtG0ol7HyxWO7S0mS6cfmbYpZAS5VgFGMI=
github.com/galexrt/tailbliss v0.0.0-20240216142012-092db21bf50b/go.mod h1:gG5GzbbnlIkz/lsjATksHMDiQNaayaA6Hi7Ja1oajQQ=
